// !$*UTF8*$!
{
	archiveVersion = 1;
	classes = {
	};
	objectVersion = 52;
	objects = {

/* Begin PBXBuildFile section */
		CD17D0E029484C7600D99D7C /* GTFS.swift in Sources */ = {isa = PBXBuildFile; fileRef = CD17D0DF29484C7600D99D7C /* GTFS.swift */; };
		CD756B69294CE82400934CFE /* gtfs.db in Resources */ = {isa = PBXBuildFile; fileRef = CD756B68294CE82400934CFE /* gtfs.db */; };
		CD756B6D2954163D00934CFE /* SQLite in Frameworks */ = {isa = PBXBuildFile; productRef = CD756B6C2954163D00934CFE /* SQLite */; };
		CD90BDAC2946DB3900CE1056 /* SwiftProtobuf in Frameworks */ = {isa = PBXBuildFile; productRef = CD90BDAB2946DB3900CE1056 /* SwiftProtobuf */; };
		CD90BDAE2946DB3900CE1056 /* SwiftProtobufPluginLibrary in Frameworks */ = {isa = PBXBuildFile; productRef = CD90BDAD2946DB3900CE1056 /* SwiftProtobufPluginLibrary */; };
		CD90BDB02946DB3900CE1056 /* protoc-gen-swift in Frameworks */ = {isa = PBXBuildFile; productRef = CD90BDAF2946DB3900CE1056 /* protoc-gen-swift */; };
		CDBC92292946E0BC00679FDA /* DataModels.swift in Sources */ = {isa = PBXBuildFile; fileRef = CDBC920B2946E0BC00679FDA /* DataModels.swift */; };
		CDBC922A2946E0BC00679FDA /* gtfs-realtime.pb.swift in Sources */ = {isa = PBXBuildFile; fileRef = CDBC920C2946E0BC00679FDA /* gtfs-realtime.pb.swift */; };
		CDBC922B2946E0BC00679FDA /* Assets.xcassets in Resources */ = {isa = PBXBuildFile; fileRef = CDBC920F2946E0BC00679FDA /* Assets.xcassets */; };
		CDBC923F2946E0BC00679FDA /* UI.swift in Sources */ = {isa = PBXBuildFile; fileRef = CDBC92262946E0BC00679FDA /* UI.swift */; };
		CDBC92402946E0BC00679FDA /* App.swift in Sources */ = {isa = PBXBuildFile; fileRef = CDBC92272946E0BC00679FDA /* App.swift */; };
		E55551B328E1D3FF005A5321 /* README.md in Resources */ = {isa = PBXBuildFile; fileRef = E55551B228E1D3FF005A5321 /* README.md */; };
/* End PBXBuildFile section */

/* Begin PBXCopyFilesBuildPhase section */
		E542137F25387A0600CCC9C3 /* Embed Foundation Extensions */ = {
			isa = PBXCopyFilesBuildPhase;
			buildActionMask = 2147483647;
			dstPath = "";
			dstSubfolderSpec = 13;
			files = (
			);
			name = "Embed Foundation Extensions";
			runOnlyForDeploymentPostprocessing = 0;
		};
/* End PBXCopyFilesBuildPhase section */

/* Begin PBXFileReference section */
		CD17D0DF29484C7600D99D7C /* GTFS.swift */ = {isa = PBXFileReference; lastKnownFileType = sourcecode.swift; path = GTFS.swift; sourceTree = "<group>"; };
		CD756B68294CE82400934CFE /* gtfs.db */ = {isa = PBXFileReference; lastKnownFileType = file; path = gtfs.db; sourceTree = "<group>"; };
		CDBC920B2946E0BC00679FDA /* DataModels.swift */ = {isa = PBXFileReference; fileEncoding = 4; lastKnownFileType = sourcecode.swift; path = DataModels.swift; sourceTree = "<group>"; };
		CDBC920C2946E0BC00679FDA /* gtfs-realtime.pb.swift */ = {isa = PBXFileReference; fileEncoding = 4; lastKnownFileType = sourcecode.swift; path = "gtfs-realtime.pb.swift"; sourceTree = "<group>"; };
		CDBC920F2946E0BC00679FDA /* Assets.xcassets */ = {isa = PBXFileReference; lastKnownFileType = folder.assetcatalog; path = Assets.xcassets; sourceTree = "<group>"; };
		CDBC92112946E0BC00679FDA /* App.entitlements */ = {isa = PBXFileReference; fileEncoding = 4; lastKnownFileType = text.plist.entitlements; path = App.entitlements; sourceTree = "<group>"; };
		CDBC92122946E0BC00679FDA /* Info.plist */ = {isa = PBXFileReference; fileEncoding = 4; lastKnownFileType = text.plist.xml; path = Info.plist; sourceTree = "<group>"; };
		CDBC92262946E0BC00679FDA /* UI.swift */ = {isa = PBXFileReference; fileEncoding = 4; lastKnownFileType = sourcecode.swift; path = UI.swift; sourceTree = "<group>"; };
		CDBC92272946E0BC00679FDA /* App.swift */ = {isa = PBXFileReference; fileEncoding = 4; lastKnownFileType = sourcecode.swift; path = App.swift; sourceTree = "<group>"; };
		E5421356253879B700CCC9C3 /* Poppy.app */ = {isa = PBXFileReference; explicitFileType = wrapper.application; includeInIndex = 0; path = Poppy.app; sourceTree = BUILT_PRODUCTS_DIR; };
		E542136F25387A0200CCC9C3 /* WidgetKit.framework */ = {isa = PBXFileReference; lastKnownFileType = wrapper.framework; name = WidgetKit.framework; path = System/Library/Frameworks/WidgetKit.framework; sourceTree = SDKROOT; };
		E542137125387A0200CCC9C3 /* SwiftUI.framework */ = {isa = PBXFileReference; lastKnownFileType = wrapper.framework; name = SwiftUI.framework; path = System/Library/Frameworks/SwiftUI.framework; sourceTree = SDKROOT; };
		E55551B228E1D3FF005A5321 /* README.md */ = {isa = PBXFileReference; fileEncoding = 4; lastKnownFileType = net.daringfireball.markdown; path = README.md; sourceTree = "<group>"; };
/* End PBXFileReference section */

/* Begin PBXFrameworksBuildPhase section */
		E5421353253879B700CCC9C3 /* Frameworks */ = {
			isa = PBXFrameworksBuildPhase;
			buildActionMask = 2147483647;
			files = (
				CD756B6D2954163D00934CFE /* SQLite in Frameworks */,
				CD90BDB02946DB3900CE1056 /* protoc-gen-swift in Frameworks */,
				CD90BDAE2946DB3900CE1056 /* SwiftProtobufPluginLibrary in Frameworks */,
				CD90BDAC2946DB3900CE1056 /* SwiftProtobuf in Frameworks */,
			);
			runOnlyForDeploymentPostprocessing = 0;
		};
/* End PBXFrameworksBuildPhase section */

/* Begin PBXGroup section */
		CDBC920A2946E0BC00679FDA /* App */ = {
			isa = PBXGroup;
			children = (
				CD756B68294CE82400934CFE /* gtfs.db */,
				CDBC92272946E0BC00679FDA /* App.swift */,
				CDBC920B2946E0BC00679FDA /* DataModels.swift */,
				CDBC920C2946E0BC00679FDA /* gtfs-realtime.pb.swift */,
				CDBC92262946E0BC00679FDA /* UI.swift */,
				CD17D0DF29484C7600D99D7C /* GTFS.swift */,
				CDBC920E2946E0BC00679FDA /* Resources */,
				CDBC92102946E0BC00679FDA /* Supporting Files */,
			);
			path = App;
			sourceTree = "<group>";
		};
		CDBC920E2946E0BC00679FDA /* Resources */ = {
			isa = PBXGroup;
			children = (
				CDBC920F2946E0BC00679FDA /* Assets.xcassets */,
			);
			path = Resources;
			sourceTree = "<group>";
		};
		CDBC92102946E0BC00679FDA /* Supporting Files */ = {
			isa = PBXGroup;
			children = (
				CDBC92112946E0BC00679FDA /* App.entitlements */,
				CDBC92122946E0BC00679FDA /* Info.plist */,
			);
			path = "Supporting Files";
			sourceTree = "<group>";
		};
		E542134D253879B700CCC9C3 = {
			isa = PBXGroup;
			children = (
				E55551B228E1D3FF005A5321 /* README.md */,
				CDBC920A2946E0BC00679FDA /* App */,
				E542136E25387A0200CCC9C3 /* Frameworks */,
				E5421357253879B700CCC9C3 /* Products */,
			);
			sourceTree = "<group>";
		};
		E5421357253879B700CCC9C3 /* Products */ = {
			isa = PBXGroup;
			children = (
				E5421356253879B700CCC9C3 /* Poppy.app */,
			);
			name = Products;
			sourceTree = "<group>";
		};
		E542136E25387A0200CCC9C3 /* Frameworks */ = {
			isa = PBXGroup;
			children = (
				E542136F25387A0200CCC9C3 /* WidgetKit.framework */,
				E542137125387A0200CCC9C3 /* SwiftUI.framework */,
			);
			name = Frameworks;
			sourceTree = "<group>";
		};
/* End PBXGroup section */

/* Begin PBXNativeTarget section */
		E5421355253879B700CCC9C3 /* Poppy */ = {
			isa = PBXNativeTarget;
			buildConfigurationList = E5421365253879BB00CCC9C3 /* Build configuration list for PBXNativeTarget "Poppy" */;
			buildPhases = (
				E5421352253879B700CCC9C3 /* Sources */,
				E5421353253879B700CCC9C3 /* Frameworks */,
				E5421354253879B700CCC9C3 /* Resources */,
				E542137F25387A0600CCC9C3 /* Embed Foundation Extensions */,
			);
			buildRules = (
			);
			dependencies = (
			);
			name = Poppy;
			packageProductDependencies = (
				CD90BDAB2946DB3900CE1056 /* SwiftProtobuf */,
				CD90BDAD2946DB3900CE1056 /* SwiftProtobufPluginLibrary */,
				CD90BDAF2946DB3900CE1056 /* protoc-gen-swift */,
				CD756B6C2954163D00934CFE /* SQLite */,
			);
			productName = WidgetExamples;
			productReference = E5421356253879B700CCC9C3 /* Poppy.app */;
			productType = "com.apple.product-type.application";
		};
/* End PBXNativeTarget section */

/* Begin PBXProject section */
		E542134E253879B700CCC9C3 /* Project object */ = {
			isa = PBXProject;
			attributes = {
				LastSwiftUpdateCheck = 1210;
				LastUpgradeCheck = 1410;
				ORGANIZATIONNAME = "Patrick Sheehan";
				TargetAttributes = {
					E5421355253879B700CCC9C3 = {
						CreatedOnToolsVersion = 12.0.1;
					};
				};
			};
			buildConfigurationList = E5421351253879B700CCC9C3 /* Build configuration list for PBXProject "Poppy" */;
			compatibilityVersion = "Xcode 9.3";
			developmentRegion = en;
			hasScannedForEncodings = 0;
			knownRegions = (
				en,
				Base,
			);
			mainGroup = E542134D253879B700CCC9C3;
			packageReferences = (
				CD90BDAA2946DB3900CE1056 /* XCRemoteSwiftPackageReference "swift-protobuf" */,
				CD756B6B2954163D00934CFE /* XCRemoteSwiftPackageReference "SQLite" */,
			);
			productRefGroup = E5421357253879B700CCC9C3 /* Products */;
			projectDirPath = "";
			projectRoot = "";
			targets = (
				E5421355253879B700CCC9C3 /* Poppy */,
			);
		};
/* End PBXProject section */

/* Begin PBXResourcesBuildPhase section */
		E5421354253879B700CCC9C3 /* Resources */ = {
			isa = PBXResourcesBuildPhase;
			buildActionMask = 2147483647;
			files = (
				CDBC922B2946E0BC00679FDA /* Assets.xcassets in Resources */,
				E55551B328E1D3FF005A5321 /* README.md in Resources */,
				CD756B69294CE82400934CFE /* gtfs.db in Resources */,
			);
			runOnlyForDeploymentPostprocessing = 0;
		};
/* End PBXResourcesBuildPhase section */

/* Begin PBXSourcesBuildPhase section */
		E5421352253879B700CCC9C3 /* Sources */ = {
			isa = PBXSourcesBuildPhase;
			buildActionMask = 2147483647;
			files = (
				CDBC923F2946E0BC00679FDA /* UI.swift in Sources */,
				CDBC92402946E0BC00679FDA /* App.swift in Sources */,
				CD17D0E029484C7600D99D7C /* GTFS.swift in Sources */,
				CDBC92292946E0BC00679FDA /* DataModels.swift in Sources */,
				CDBC922A2946E0BC00679FDA /* gtfs-realtime.pb.swift in Sources */,
			);
			runOnlyForDeploymentPostprocessing = 0;
		};
/* End PBXSourcesBuildPhase section */

/* Begin XCBuildConfiguration section */
		E5421363253879BB00CCC9C3 /* Debug */ = {
			isa = XCBuildConfiguration;
			buildSettings = {
				ALWAYS_SEARCH_USER_PATHS = NO;
				CLANG_ANALYZER_NONNULL = YES;
				CLANG_ANALYZER_NUMBER_OBJECT_CONVERSION = YES_AGGRESSIVE;
				CLANG_CXX_LANGUAGE_STANDARD = "gnu++14";
				CLANG_CXX_LIBRARY = "libc++";
				CLANG_ENABLE_MODULES = YES;
				CLANG_ENABLE_OBJC_ARC = YES;
				CLANG_ENABLE_OBJC_WEAK = YES;
				CLANG_WARN_BLOCK_CAPTURE_AUTORELEASING = YES;
				CLANG_WARN_BOOL_CONVERSION = YES;
				CLANG_WARN_COMMA = YES;
				CLANG_WARN_CONSTANT_CONVERSION = YES;
				CLANG_WARN_DEPRECATED_OBJC_IMPLEMENTATIONS = YES;
				CLANG_WARN_DIRECT_OBJC_ISA_USAGE = YES_ERROR;
				CLANG_WARN_DOCUMENTATION_COMMENTS = YES;
				CLANG_WARN_EMPTY_BODY = YES;
				CLANG_WARN_ENUM_CONVERSION = YES;
				CLANG_WARN_INFINITE_RECURSION = YES;
				CLANG_WARN_INT_CONVERSION = YES;
				CLANG_WARN_NON_LITERAL_NULL_CONVERSION = YES;
				CLANG_WARN_OBJC_IMPLICIT_RETAIN_SELF = YES;
				CLANG_WARN_OBJC_LITERAL_CONVERSION = YES;
				CLANG_WARN_OBJC_ROOT_CLASS = YES_ERROR;
				CLANG_WARN_QUOTED_INCLUDE_IN_FRAMEWORK_HEADER = YES;
				CLANG_WARN_RANGE_LOOP_ANALYSIS = YES;
				CLANG_WARN_STRICT_PROTOTYPES = YES;
				CLANG_WARN_SUSPICIOUS_MOVE = YES;
				CLANG_WARN_UNGUARDED_AVAILABILITY = YES_AGGRESSIVE;
				CLANG_WARN_UNREACHABLE_CODE = YES;
				CLANG_WARN__DUPLICATE_METHOD_MATCH = YES;
				COPY_PHASE_STRIP = NO;
				DEBUG_INFORMATION_FORMAT = dwarf;
				ENABLE_STRICT_OBJC_MSGSEND = YES;
				ENABLE_TESTABILITY = YES;
				GCC_C_LANGUAGE_STANDARD = gnu11;
				GCC_DYNAMIC_NO_PIC = NO;
				GCC_NO_COMMON_BLOCKS = YES;
				GCC_OPTIMIZATION_LEVEL = 0;
				GCC_PREPROCESSOR_DEFINITIONS = (
					"DEBUG=1",
					"$(inherited)",
				);
				GCC_WARN_64_TO_32_BIT_CONVERSION = YES;
				GCC_WARN_ABOUT_RETURN_TYPE = YES_ERROR;
				GCC_WARN_UNDECLARED_SELECTOR = YES;
				GCC_WARN_UNINITIALIZED_AUTOS = YES_AGGRESSIVE;
				GCC_WARN_UNUSED_FUNCTION = YES;
				GCC_WARN_UNUSED_VARIABLE = YES;
				IPHONEOS_DEPLOYMENT_TARGET = 16.0;
				MTL_ENABLE_DEBUG_INFO = INCLUDE_SOURCE;
				MTL_FAST_MATH = YES;
				ONLY_ACTIVE_ARCH = YES;
				SDKROOT = iphoneos;
				SWIFT_ACTIVE_COMPILATION_CONDITIONS = DEBUG;
				SWIFT_OPTIMIZATION_LEVEL = "-Onone";
			};
			name = Debug;
		};
		E5421364253879BB00CCC9C3 /* Release */ = {
			isa = XCBuildConfiguration;
			buildSettings = {
				ALWAYS_SEARCH_USER_PATHS = NO;
				CLANG_ANALYZER_NONNULL = YES;
				CLANG_ANALYZER_NUMBER_OBJECT_CONVERSION = YES_AGGRESSIVE;
				CLANG_CXX_LANGUAGE_STANDARD = "gnu++14";
				CLANG_CXX_LIBRARY = "libc++";
				CLANG_ENABLE_MODULES = YES;
				CLANG_ENABLE_OBJC_ARC = YES;
				CLANG_ENABLE_OBJC_WEAK = YES;
				CLANG_WARN_BLOCK_CAPTURE_AUTORELEASING = YES;
				CLANG_WARN_BOOL_CONVERSION = YES;
				CLANG_WARN_COMMA = YES;
				CLANG_WARN_CONSTANT_CONVERSION = YES;
				CLANG_WARN_DEPRECATED_OBJC_IMPLEMENTATIONS = YES;
				CLANG_WARN_DIRECT_OBJC_ISA_USAGE = YES_ERROR;
				CLANG_WARN_DOCUMENTATION_COMMENTS = YES;
				CLANG_WARN_EMPTY_BODY = YES;
				CLANG_WARN_ENUM_CONVERSION = YES;
				CLANG_WARN_INFINITE_RECURSION = YES;
				CLANG_WARN_INT_CONVERSION = YES;
				CLANG_WARN_NON_LITERAL_NULL_CONVERSION = YES;
				CLANG_WARN_OBJC_IMPLICIT_RETAIN_SELF = YES;
				CLANG_WARN_OBJC_LITERAL_CONVERSION = YES;
				CLANG_WARN_OBJC_ROOT_CLASS = YES_ERROR;
				CLANG_WARN_QUOTED_INCLUDE_IN_FRAMEWORK_HEADER = YES;
				CLANG_WARN_RANGE_LOOP_ANALYSIS = YES;
				CLANG_WARN_STRICT_PROTOTYPES = YES;
				CLANG_WARN_SUSPICIOUS_MOVE = YES;
				CLANG_WARN_UNGUARDED_AVAILABILITY = YES_AGGRESSIVE;
				CLANG_WARN_UNREACHABLE_CODE = YES;
				CLANG_WARN__DUPLICATE_METHOD_MATCH = YES;
				COPY_PHASE_STRIP = NO;
				DEBUG_INFORMATION_FORMAT = "dwarf-with-dsym";
				ENABLE_NS_ASSERTIONS = NO;
				ENABLE_STRICT_OBJC_MSGSEND = YES;
				GCC_C_LANGUAGE_STANDARD = gnu11;
				GCC_NO_COMMON_BLOCKS = YES;
				GCC_WARN_64_TO_32_BIT_CONVERSION = YES;
				GCC_WARN_ABOUT_RETURN_TYPE = YES_ERROR;
				GCC_WARN_UNDECLARED_SELECTOR = YES;
				GCC_WARN_UNINITIALIZED_AUTOS = YES_AGGRESSIVE;
				GCC_WARN_UNUSED_FUNCTION = YES;
				GCC_WARN_UNUSED_VARIABLE = YES;
				IPHONEOS_DEPLOYMENT_TARGET = 16.0;
				MTL_ENABLE_DEBUG_INFO = NO;
				MTL_FAST_MATH = YES;
				SDKROOT = iphoneos;
				SWIFT_COMPILATION_MODE = wholemodule;
				SWIFT_OPTIMIZATION_LEVEL = "-O";
				VALIDATE_PRODUCT = YES;
			};
			name = Release;
		};
		E5421366253879BB00CCC9C3 /* Debug */ = {
			isa = XCBuildConfiguration;
			buildSettings = {
				ASSETCATALOG_COMPILER_APPICON_NAME = AppIcon;
				ASSETCATALOG_COMPILER_GLOBAL_ACCENT_COLOR_NAME = AccentColor;
				CODE_SIGN_ENTITLEMENTS = "App/Supporting Files/App.entitlements";
				CODE_SIGN_STYLE = Automatic;
				DEVELOPMENT_ASSET_PATHS = "";
				DEVELOPMENT_TEAM = 9ZW3R444U6;
				ENABLE_PREVIEWS = YES;
				INFOPLIST_FILE = "App/Supporting Files/Info.plist";
				INFOPLIST_KEY_CFBundleDisplayName = Poppy;
				INFOPLIST_KEY_LSApplicationCategoryType = "public.app-category.travel";
				IPHONEOS_DEPLOYMENT_TARGET = 16.0;
				LD_RUNPATH_SEARCH_PATHS = (
					"$(inherited)",
					"@executable_path/Frameworks",
				);
				PRODUCT_BUNDLE_IDENTIFIER = com.patricksheehan.Poppy;
				PRODUCT_NAME = "$(TARGET_NAME)";
				SWIFT_VERSION = 5.0;
				TARGETED_DEVICE_FAMILY = "1,2";
			};
			name = Debug;
		};
		E5421367253879BB00CCC9C3 /* Release */ = {
			isa = XCBuildConfiguration;
			buildSettings = {
				ASSETCATALOG_COMPILER_APPICON_NAME = AppIcon;
				ASSETCATALOG_COMPILER_GLOBAL_ACCENT_COLOR_NAME = AccentColor;
				CODE_SIGN_ENTITLEMENTS = "App/Supporting Files/App.entitlements";
				CODE_SIGN_STYLE = Automatic;
				DEVELOPMENT_ASSET_PATHS = "";
				DEVELOPMENT_TEAM = 9ZW3R444U6;
				ENABLE_PREVIEWS = YES;
				INFOPLIST_FILE = "App/Supporting Files/Info.plist";
				INFOPLIST_KEY_CFBundleDisplayName = Poppy;
				INFOPLIST_KEY_LSApplicationCategoryType = "public.app-category.travel";
				IPHONEOS_DEPLOYMENT_TARGET = 16.0;
				LD_RUNPATH_SEARCH_PATHS = (
					"$(inherited)",
					"@executable_path/Frameworks",
				);
				PRODUCT_BUNDLE_IDENTIFIER = com.patricksheehan;
				PRODUCT_NAME = "$(TARGET_NAME)";
				SWIFT_VERSION = 5.0;
				TARGETED_DEVICE_FAMILY = "1,2";
			};
			name = Release;
		};
/* End XCBuildConfiguration section */

/* Begin XCConfigurationList section */
		E5421351253879B700CCC9C3 /* Build configuration list for PBXProject "Poppy" */ = {
			isa = XCConfigurationList;
			buildConfigurations = (
				E5421363253879BB00CCC9C3 /* Debug */,
				E5421364253879BB00CCC9C3 /* Release */,
			);
			defaultConfigurationIsVisible = 0;
			defaultConfigurationName = Release;
		};
		E5421365253879BB00CCC9C3 /* Build configuration list for PBXNativeTarget "Poppy" */ = {
			isa = XCConfigurationList;
			buildConfigurations = (
				E5421366253879BB00CCC9C3 /* Debug */,
				E5421367253879BB00CCC9C3 /* Release */,
			);
			defaultConfigurationIsVisible = 0;
			defaultConfigurationName = Release;
		};
/* End XCConfigurationList section */

/* Begin XCRemoteSwiftPackageReference section */
		CD756B6B2954163D00934CFE /* XCRemoteSwiftPackageReference "SQLite" */ = {
			isa = XCRemoteSwiftPackageReference;
			repositoryURL = "https://github.com/stephencelis/SQLite.swift";
			requirement = {
				kind = upToNextMajorVersion;
				minimumVersion = 0.9.2;
			};
		};
		CD90BDAA2946DB3900CE1056 /* XCRemoteSwiftPackageReference "swift-protobuf" */ = {
			isa = XCRemoteSwiftPackageReference;
			repositoryURL = "https://github.com/apple/swift-protobuf.git";
			requirement = {
				kind = upToNextMajorVersion;
				minimumVersion = 1.0.0;
			};
		};
/* End XCRemoteSwiftPackageReference section */

/* Begin XCSwiftPackageProductDependency section */
		CD756B6C2954163D00934CFE /* SQLite */ = {
			isa = XCSwiftPackageProductDependency;
			package = CD756B6B2954163D00934CFE /* XCRemoteSwiftPackageReference "SQLite" */;
			productName = SQLite;
		};
		CD90BDAB2946DB3900CE1056 /* SwiftProtobuf */ = {
			isa = XCSwiftPackageProductDependency;
			package = CD90BDAA2946DB3900CE1056 /* XCRemoteSwiftPackageReference "swift-protobuf" */;
			productName = SwiftProtobuf;
		};
		CD90BDAD2946DB3900CE1056 /* SwiftProtobufPluginLibrary */ = {
			isa = XCSwiftPackageProductDependency;
			package = CD90BDAA2946DB3900CE1056 /* XCRemoteSwiftPackageReference "swift-protobuf" */;
			productName = SwiftProtobufPluginLibrary;
		};
		CD90BDAF2946DB3900CE1056 /* protoc-gen-swift */ = {
			isa = XCSwiftPackageProductDependency;
			package = CD90BDAA2946DB3900CE1056 /* XCRemoteSwiftPackageReference "swift-protobuf" */;
			productName = "protoc-gen-swift";
		};
/* End XCSwiftPackageProductDependency section */
	};
	rootObject = E542134E253879B700CCC9C3 /* Project object */;
}
